// !$*UTF8*$!
{
	archiveVersion = 1;
	classes = {
	};
	objectVersion = 55;
	objects = {

/* Begin PBXBuildFile section */
		4002F91A29BF40930079207E /* AvatarsView.swift in Sources */ = {isa = PBXBuildFile; fileRef = 4002F91929BF40930079207E /* AvatarsView.swift */; };
		409F12DD29BF536800CE7BA2 /* AgoraAppGroupDataHelper in Frameworks */ = {isa = PBXBuildFile; productRef = 409F12DC29BF536800CE7BA2 /* AgoraAppGroupDataHelper */; };
		409F12DF29BF536800CE7BA2 /* AgoraBroadcastExtensionHelper in Frameworks */ = {isa = PBXBuildFile; productRef = 409F12DE29BF536800CE7BA2 /* AgoraBroadcastExtensionHelper */; };
		409F12E129BF536800CE7BA2 /* AgoraUIKit in Frameworks */ = {isa = PBXBuildFile; productRef = 409F12E029BF536800CE7BA2 /* AgoraUIKit */; };
		40E38CC529BF0CBD0015B019 /* liveStreamAppApp.swift in Sources */ = {isa = PBXBuildFile; fileRef = 40E38CC429BF0CBD0015B019 /* liveStreamAppApp.swift */; };
		40E38CC729BF0CBD0015B019 /* ContentView.swift in Sources */ = {isa = PBXBuildFile; fileRef = 40E38CC629BF0CBD0015B019 /* ContentView.swift */; };
		40E38CC929BF0CBE0015B019 /* Assets.xcassets in Resources */ = {isa = PBXBuildFile; fileRef = 40E38CC829BF0CBE0015B019 /* Assets.xcassets */; };
		40E38CCC29BF0CBE0015B019 /* Preview Assets.xcassets in Resources */ = {isa = PBXBuildFile; fileRef = 40E38CCB29BF0CBE0015B019 /* Preview Assets.xcassets */; };
		40EA109029C05A7100D7443B /* PhotoPicker.swift in Sources */ = {isa = PBXBuildFile; fileRef = 40EA108F29C05A7100D7443B /* PhotoPicker.swift */; };
/* End PBXBuildFile section */

/* Begin PBXFileReference section */
		4002F91929BF40930079207E /* AvatarsView.swift */ = {isa = PBXFileReference; lastKnownFileType = sourcecode.swift; path = AvatarsView.swift; sourceTree = "<group>"; };
		40E38CC129BF0CBD0015B019 /* liveStreamApp.app */ = {isa = PBXFileReference; explicitFileType = wrapper.application; includeInIndex = 0; path = liveStreamApp.app; sourceTree = BUILT_PRODUCTS_DIR; };
		40E38CC429BF0CBD0015B019 /* liveStreamAppApp.swift */ = {isa = PBXFileReference; lastKnownFileType = sourcecode.swift; path = liveStreamAppApp.swift; sourceTree = "<group>"; };
		40E38CC629BF0CBD0015B019 /* ContentView.swift */ = {isa = PBXFileReference; lastKnownFileType = sourcecode.swift; path = ContentView.swift; sourceTree = "<group>"; };
		40E38CC829BF0CBE0015B019 /* Assets.xcassets */ = {isa = PBXFileReference; lastKnownFileType = folder.assetcatalog; path = Assets.xcassets; sourceTree = "<group>"; };
		40E38CCB29BF0CBE0015B019 /* Preview Assets.xcassets */ = {isa = PBXFileReference; lastKnownFileType = folder.assetcatalog; path = "Preview Assets.xcassets"; sourceTree = "<group>"; };
		40EA108F29C05A7100D7443B /* PhotoPicker.swift */ = {isa = PBXFileReference; lastKnownFileType = sourcecode.swift; path = PhotoPicker.swift; sourceTree = "<group>"; };
/* End PBXFileReference section */

/* Begin PBXFrameworksBuildPhase section */
		40E38CBE29BF0CBD0015B019 /* Frameworks */ = {
			isa = PBXFrameworksBuildPhase;
			buildActionMask = 2147483647;
			files = (
				409F12DD29BF536800CE7BA2 /* AgoraAppGroupDataHelper in Frameworks */,
				409F12DF29BF536800CE7BA2 /* AgoraBroadcastExtensionHelper in Frameworks */,
				409F12E129BF536800CE7BA2 /* AgoraUIKit in Frameworks */,
			);
			runOnlyForDeploymentPostprocessing = 0;
		};
/* End PBXFrameworksBuildPhase section */

/* Begin PBXGroup section */
		4002F91729BF34BA0079207E /* Views */ = {
			isa = PBXGroup;
			children = (
				40E38CC629BF0CBD0015B019 /* ContentView.swift */,
				4002F91929BF40930079207E /* AvatarsView.swift */,
				40EA108F29C05A7100D7443B /* PhotoPicker.swift */,
			);
			path = Views;
			sourceTree = "<group>";
		};
		4002F91829BF34C40079207E /* Models */ = {
			isa = PBXGroup;
			children = (
			);
			path = Models;
			sourceTree = "<group>";
		};
		40E38CB829BF0CBD0015B019 = {
			isa = PBXGroup;
			children = (
				40E38CC329BF0CBD0015B019 /* liveStreamApp */,
				40E38CC229BF0CBD0015B019 /* Products */,
			);
			sourceTree = "<group>";
		};
		40E38CC229BF0CBD0015B019 /* Products */ = {
			isa = PBXGroup;
			children = (
				40E38CC129BF0CBD0015B019 /* liveStreamApp.app */,
			);
			name = Products;
			sourceTree = "<group>";
		};
		40E38CC329BF0CBD0015B019 /* liveStreamApp */ = {
			isa = PBXGroup;
			children = (
				4002F91829BF34C40079207E /* Models */,
				4002F91729BF34BA0079207E /* Views */,
				40E38CC429BF0CBD0015B019 /* liveStreamAppApp.swift */,
				40E38CC829BF0CBE0015B019 /* Assets.xcassets */,
				40E38CCA29BF0CBE0015B019 /* Preview Content */,
			);
			path = liveStreamApp;
			sourceTree = "<group>";
		};
		40E38CCA29BF0CBE0015B019 /* Preview Content */ = {
			isa = PBXGroup;
			children = (
				40E38CCB29BF0CBE0015B019 /* Preview Assets.xcassets */,
			);
			path = "Preview Content";
			sourceTree = "<group>";
		};
/* End PBXGroup section */

/* Begin PBXNativeTarget section */
		40E38CC029BF0CBD0015B019 /* liveStreamApp */ = {
			isa = PBXNativeTarget;
			buildConfigurationList = 40E38CCF29BF0CBE0015B019 /* Build configuration list for PBXNativeTarget "liveStreamApp" */;
			buildPhases = (
				40E38CBD29BF0CBD0015B019 /* Sources */,
				40E38CBE29BF0CBD0015B019 /* Frameworks */,
				40E38CBF29BF0CBD0015B019 /* Resources */,
			);
			buildRules = (
			);
			dependencies = (
			);
			name = liveStreamApp;
			packageProductDependencies = (
				409F12DC29BF536800CE7BA2 /* AgoraAppGroupDataHelper */,
				409F12DE29BF536800CE7BA2 /* AgoraBroadcastExtensionHelper */,
				409F12E029BF536800CE7BA2 /* AgoraUIKit */,
			);
			productName = liveStreamApp;
			productReference = 40E38CC129BF0CBD0015B019 /* liveStreamApp.app */;
			productType = "com.apple.product-type.application";
		};
/* End PBXNativeTarget section */

/* Begin PBXProject section */
		40E38CB929BF0CBD0015B019 /* Project object */ = {
			isa = PBXProject;
			attributes = {
				BuildIndependentTargetsInParallel = 1;
				LastSwiftUpdateCheck = 1320;
				LastUpgradeCheck = 1320;
				TargetAttributes = {
					40E38CC029BF0CBD0015B019 = {
						CreatedOnToolsVersion = 13.2;
					};
				};
			};
			buildConfigurationList = 40E38CBC29BF0CBD0015B019 /* Build configuration list for PBXProject "liveStreamApp" */;
			compatibilityVersion = "Xcode 13.0";
			developmentRegion = en;
			hasScannedForEncodings = 0;
			knownRegions = (
				en,
				Base,
			);
			mainGroup = 40E38CB829BF0CBD0015B019;
			packageReferences = (
				409F12DB29BF536800CE7BA2 /* XCRemoteSwiftPackageReference "VideoUIKit-iOS" */,
			);
			productRefGroup = 40E38CC229BF0CBD0015B019 /* Products */;
			projectDirPath = "";
			projectRoot = "";
			targets = (
				40E38CC029BF0CBD0015B019 /* liveStreamApp */,
			);
		};
/* End PBXProject section */

/* Begin PBXResourcesBuildPhase section */
		40E38CBF29BF0CBD0015B019 /* Resources */ = {
			isa = PBXResourcesBuildPhase;
			buildActionMask = 2147483647;
			files = (
				40E38CCC29BF0CBE0015B019 /* Preview Assets.xcassets in Resources */,
				40E38CC929BF0CBE0015B019 /* Assets.xcassets in Resources */,
			);
			runOnlyForDeploymentPostprocessing = 0;
		};
/* End PBXResourcesBuildPhase section */

/* Begin PBXSourcesBuildPhase section */
		40E38CBD29BF0CBD0015B019 /* Sources */ = {
			isa = PBXSourcesBuildPhase;
			buildActionMask = 2147483647;
			files = (
				40EA109029C05A7100D7443B /* PhotoPicker.swift in Sources */,
				4002F91A29BF40930079207E /* AvatarsView.swift in Sources */,
				40E38CC729BF0CBD0015B019 /* ContentView.swift in Sources */,
				40E38CC529BF0CBD0015B019 /* liveStreamAppApp.swift in Sources */,
			);
			runOnlyForDeploymentPostprocessing = 0;
		};
/* End PBXSourcesBuildPhase section */

/* Begin XCBuildConfiguration section */
		40E38CCD29BF0CBE0015B019 /* Debug */ = {
			isa = XCBuildConfiguration;
			buildSettings = {
				ALWAYS_SEARCH_USER_PATHS = NO;
				CLANG_ANALYZER_NONNULL = YES;
				CLANG_ANALYZER_NUMBER_OBJECT_CONVERSION = YES_AGGRESSIVE;
				CLANG_CXX_LANGUAGE_STANDARD = "gnu++17";
				CLANG_CXX_LIBRARY = "libc++";
				CLANG_ENABLE_MODULES = YES;
				CLANG_ENABLE_OBJC_ARC = YES;
				CLANG_ENABLE_OBJC_WEAK = YES;
				CLANG_WARN_BLOCK_CAPTURE_AUTORELEASING = YES;
				CLANG_WARN_BOOL_CONVERSION = YES;
				CLANG_WARN_COMMA = YES;
				CLANG_WARN_CONSTANT_CONVERSION = YES;
				CLANG_WARN_DEPRECATED_OBJC_IMPLEMENTATIONS = YES;
				CLANG_WARN_DIRECT_OBJC_ISA_USAGE = YES_ERROR;
				CLANG_WARN_DOCUMENTATION_COMMENTS = YES;
				CLANG_WARN_EMPTY_BODY = YES;
				CLANG_WARN_ENUM_CONVERSION = YES;
				CLANG_WARN_INFINITE_RECURSION = YES;
				CLANG_WARN_INT_CONVERSION = YES;
				CLANG_WARN_NON_LITERAL_NULL_CONVERSION = YES;
				CLANG_WARN_OBJC_IMPLICIT_RETAIN_SELF = YES;
				CLANG_WARN_OBJC_LITERAL_CONVERSION = YES;
				CLANG_WARN_OBJC_ROOT_CLASS = YES_ERROR;
				CLANG_WARN_QUOTED_INCLUDE_IN_FRAMEWORK_HEADER = YES;
				CLANG_WARN_RANGE_LOOP_ANALYSIS = YES;
				CLANG_WARN_STRICT_PROTOTYPES = YES;
				CLANG_WARN_SUSPICIOUS_MOVE = YES;
				CLANG_WARN_UNGUARDED_AVAILABILITY = YES_AGGRESSIVE;
				CLANG_WARN_UNREACHABLE_CODE = YES;
				CLANG_WARN__DUPLICATE_METHOD_MATCH = YES;
				COPY_PHASE_STRIP = NO;
				DEBUG_INFORMATION_FORMAT = dwarf;
				ENABLE_STRICT_OBJC_MSGSEND = YES;
				ENABLE_TESTABILITY = YES;
				GCC_C_LANGUAGE_STANDARD = gnu11;
				GCC_DYNAMIC_NO_PIC = NO;
				GCC_NO_COMMON_BLOCKS = YES;
				GCC_OPTIMIZATION_LEVEL = 0;
				GCC_PREPROCESSOR_DEFINITIONS = (
					"DEBUG=1",
					"$(inherited)",
				);
				GCC_WARN_64_TO_32_BIT_CONVERSION = YES;
				GCC_WARN_ABOUT_RETURN_TYPE = YES_ERROR;
				GCC_WARN_UNDECLARED_SELECTOR = YES;
				GCC_WARN_UNINITIALIZED_AUTOS = YES_AGGRESSIVE;
				GCC_WARN_UNUSED_FUNCTION = YES;
				GCC_WARN_UNUSED_VARIABLE = YES;
				IPHONEOS_DEPLOYMENT_TARGET = 15.2;
				MTL_ENABLE_DEBUG_INFO = INCLUDE_SOURCE;
				MTL_FAST_MATH = YES;
				ONLY_ACTIVE_ARCH = YES;
				SDKROOT = iphoneos;
				SWIFT_ACTIVE_COMPILATION_CONDITIONS = DEBUG;
				SWIFT_OPTIMIZATION_LEVEL = "-Onone";
			};
			name = Debug;
		};
		40E38CCE29BF0CBE0015B019 /* Release */ = {
			isa = XCBuildConfiguration;
			buildSettings = {
				ALWAYS_SEARCH_USER_PATHS = NO;
				CLANG_ANALYZER_NONNULL = YES;
				CLANG_ANALYZER_NUMBER_OBJECT_CONVERSION = YES_AGGRESSIVE;
				CLANG_CXX_LANGUAGE_STANDARD = "gnu++17";
				CLANG_CXX_LIBRARY = "libc++";
				CLANG_ENABLE_MODULES = YES;
				CLANG_ENABLE_OBJC_ARC = YES;
				CLANG_ENABLE_OBJC_WEAK = YES;
				CLANG_WARN_BLOCK_CAPTURE_AUTORELEASING = YES;
				CLANG_WARN_BOOL_CONVERSION = YES;
				CLANG_WARN_COMMA = YES;
				CLANG_WARN_CONSTANT_CONVERSION = YES;
				CLANG_WARN_DEPRECATED_OBJC_IMPLEMENTATIONS = YES;
				CLANG_WARN_DIRECT_OBJC_ISA_USAGE = YES_ERROR;
				CLANG_WARN_DOCUMENTATION_COMMENTS = YES;
				CLANG_WARN_EMPTY_BODY = YES;
				CLANG_WARN_ENUM_CONVERSION = YES;
				CLANG_WARN_INFINITE_RECURSION = YES;
				CLANG_WARN_INT_CONVERSION = YES;
				CLANG_WARN_NON_LITERAL_NULL_CONVERSION = YES;
				CLANG_WARN_OBJC_IMPLICIT_RETAIN_SELF = YES;
				CLANG_WARN_OBJC_LITERAL_CONVERSION = YES;
				CLANG_WARN_OBJC_ROOT_CLASS = YES_ERROR;
				CLANG_WARN_QUOTED_INCLUDE_IN_FRAMEWORK_HEADER = YES;
				CLANG_WARN_RANGE_LOOP_ANALYSIS = YES;
				CLANG_WARN_STRICT_PROTOTYPES = YES;
				CLANG_WARN_SUSPICIOUS_MOVE = YES;
				CLANG_WARN_UNGUARDED_AVAILABILITY = YES_AGGRESSIVE;
				CLANG_WARN_UNREACHABLE_CODE = YES;
				CLANG_WARN__DUPLICATE_METHOD_MATCH = YES;
				COPY_PHASE_STRIP = NO;
				DEBUG_INFORMATION_FORMAT = "dwarf-with-dsym";
				ENABLE_NS_ASSERTIONS = NO;
				ENABLE_STRICT_OBJC_MSGSEND = YES;
				GCC_C_LANGUAGE_STANDARD = gnu11;
				GCC_NO_COMMON_BLOCKS = YES;
				GCC_WARN_64_TO_32_BIT_CONVERSION = YES;
				GCC_WARN_ABOUT_RETURN_TYPE = YES_ERROR;
				GCC_WARN_UNDECLARED_SELECTOR = YES;
				GCC_WARN_UNINITIALIZED_AUTOS = YES_AGGRESSIVE;
				GCC_WARN_UNUSED_FUNCTION = YES;
				GCC_WARN_UNUSED_VARIABLE = YES;
				IPHONEOS_DEPLOYMENT_TARGET = 15.2;
				MTL_ENABLE_DEBUG_INFO = NO;
				MTL_FAST_MATH = YES;
				SDKROOT = iphoneos;
				SWIFT_COMPILATION_MODE = wholemodule;
				SWIFT_OPTIMIZATION_LEVEL = "-O";
				VALIDATE_PRODUCT = YES;
			};
			name = Release;
		};
		40E38CD029BF0CBE0015B019 /* Debug */ = {
			isa = XCBuildConfiguration;
			buildSettings = {
				ASSETCATALOG_COMPILER_APPICON_NAME = AppIcon;
				ASSETCATALOG_COMPILER_GLOBAL_ACCENT_COLOR_NAME = AccentColor;
				CODE_SIGN_STYLE = Automatic;
				CURRENT_PROJECT_VERSION = 1;
				DEVELOPMENT_ASSET_PATHS = "\"liveStreamApp/Preview Content\"";
				DEVELOPMENT_TEAM = PKM7964NGD;
				ENABLE_PREVIEWS = YES;
				GENERATE_INFOPLIST_FILE = YES;
				INFOPLIST_KEY_UIApplicationSceneManifest_Generation = YES;
				INFOPLIST_KEY_UIApplicationSupportsIndirectInputEvents = YES;
				INFOPLIST_KEY_UILaunchScreen_Generation = YES;
				INFOPLIST_KEY_UISupportedInterfaceOrientations_iPad = "UIInterfaceOrientationPortrait UIInterfaceOrientationPortraitUpsideDown UIInterfaceOrientationLandscapeLeft UIInterfaceOrientationLandscapeRight";
				INFOPLIST_KEY_UISupportedInterfaceOrientations_iPhone = "UIInterfaceOrientationPortrait UIInterfaceOrientationLandscapeLeft UIInterfaceOrientationLandscapeRight";
				LD_RUNPATH_SEARCH_PATHS = (
					"$(inherited)",
					"@executable_path/Frameworks",
				);
				MARKETING_VERSION = 1.0;
				PRODUCT_BUNDLE_IDENTIFIER = shumkarbekbarpyev.liveStreamApp;
				PRODUCT_NAME = "$(TARGET_NAME)";
				SWIFT_EMIT_LOC_STRINGS = YES;
				SWIFT_VERSION = 5.0;
				TARGETED_DEVICE_FAMILY = "1,2";
			};
			name = Debug;
		};
		40E38CD129BF0CBE0015B019 /* Release */ = {
			isa = XCBuildConfiguration;
			buildSettings = {
				ASSETCATALOG_COMPILER_APPICON_NAME = AppIcon;
				ASSETCATALOG_COMPILER_GLOBAL_ACCENT_COLOR_NAME = AccentColor;
				CODE_SIGN_STYLE = Automatic;
				CURRENT_PROJECT_VERSION = 1;
				DEVELOPMENT_ASSET_PATHS = "\"liveStreamApp/Preview Content\"";
				DEVELOPMENT_TEAM = PKM7964NGD;
				ENABLE_PREVIEWS = YES;
				GENERATE_INFOPLIST_FILE = YES;
				INFOPLIST_KEY_UIApplicationSceneManifest_Generation = YES;
				INFOPLIST_KEY_UIApplicationSupportsIndirectInputEvents = YES;
				INFOPLIST_KEY_UILaunchScreen_Generation = YES;
				INFOPLIST_KEY_UISupportedInterfaceOrientations_iPad = "UIInterfaceOrientationPortrait UIInterfaceOrientationPortraitUpsideDown UIInterfaceOrientationLandscapeLeft UIInterfaceOrientationLandscapeRight";
				INFOPLIST_KEY_UISupportedInterfaceOrientations_iPhone = "UIInterfaceOrientationPortrait UIInterfaceOrientationLandscapeLeft UIInterfaceOrientationLandscapeRight";
				LD_RUNPATH_SEARCH_PATHS = (
					"$(inherited)",
					"@executable_path/Frameworks",
				);
				MARKETING_VERSION = 1.0;
				PRODUCT_BUNDLE_IDENTIFIER = shumkarbekbarpyev.liveStreamApp;
				PRODUCT_NAME = "$(TARGET_NAME)";
				SWIFT_EMIT_LOC_STRINGS = YES;
				SWIFT_VERSION = 5.0;
				TARGETED_DEVICE_FAMILY = "1,2";
			};
			name = Release;
		};
/* End XCBuildConfiguration section */

/* Begin XCConfigurationList section */
		40E38CBC29BF0CBD0015B019 /* Build configuration list for PBXProject "liveStreamApp" */ = {
			isa = XCConfigurationList;
			buildConfigurations = (
				40E38CCD29BF0CBE0015B019 /* Debug */,
				40E38CCE29BF0CBE0015B019 /* Release */,
			);
			defaultConfigurationIsVisible = 0;
			defaultConfigurationName = Release;
		};
		40E38CCF29BF0CBE0015B019 /* Build configuration list for PBXNativeTarget "liveStreamApp" */ = {
			isa = XCConfigurationList;
			buildConfigurations = (
				40E38CD029BF0CBE0015B019 /* Debug */,
				40E38CD129BF0CBE0015B019 /* Release */,
			);
			defaultConfigurationIsVisible = 0;
			defaultConfigurationName = Release;
		};
/* End XCConfigurationList section */

/* Begin XCRemoteSwiftPackageReference section */
		409F12DB29BF536800CE7BA2 /* XCRemoteSwiftPackageReference "VideoUIKit-iOS" */ = {
			isa = XCRemoteSwiftPackageReference;
			repositoryURL = "https://github.com/AgoraIO-Community/VideoUIKit-iOS.git";
			requirement = {
				branch = main;
				kind = branch;
			};
		};
/* End XCRemoteSwiftPackageReference section */

/* Begin XCSwiftPackageProductDependency section */
		409F12DC29BF536800CE7BA2 /* AgoraAppGroupDataHelper */ = {
			isa = XCSwiftPackageProductDependency;
			package = 409F12DB29BF536800CE7BA2 /* XCRemoteSwiftPackageReference "VideoUIKit-iOS" */;
			productName = AgoraAppGroupDataHelper;
		};
		409F12DE29BF536800CE7BA2 /* AgoraBroadcastExtensionHelper */ = {
			isa = XCSwiftPackageProductDependency;
			package = 409F12DB29BF536800CE7BA2 /* XCRemoteSwiftPackageReference "VideoUIKit-iOS" */;
			productName = AgoraBroadcastExtensionHelper;
		};
		409F12E029BF536800CE7BA2 /* AgoraUIKit */ = {
			isa = XCSwiftPackageProductDependency;
			package = 409F12DB29BF536800CE7BA2 /* XCRemoteSwiftPackageReference "VideoUIKit-iOS" */;
			productName = AgoraUIKit;
		};
/* End XCSwiftPackageProductDependency section */
	};
	rootObject = 40E38CB929BF0CBD0015B019 /* Project object */;
}
